
Microsoft Visual Studio Solution File, Format Version 12.00
# Visual Studio Version 17
VisualStudioVersion = 17.3.32929.385
MinimumVisualStudioVersion = 10.0.40219.1
Project("{FAE04EC0-301F-11D3-BF4B-00C04F79EFBC}") = "WindowsFormsAppPrintCat", "WindowsFormsAppPrintCat\WindowsFormsAppPrintCat.csproj", "{65972956-E2E8-47F9-9AC3-6904641194F4}"
EndProject
Global
	GlobalSection(SolutionConfigurationPlatforms) = preSolution
		Debug|Any CPU = Debug|Any CPU
		Release|Any CPU = Release|Any CPU
	EndGlobalSection
	GlobalSection(ProjectConfigurationPlatforms) = postSolution
		{65972956-E2E8-47F9-9AC3-6904641194F4}.Debug|Any CPU.ActiveCfg = Debug|Any CPU
		{65972956-E2E8-47F9-9AC3-6904641194F4}.Debug|Any CPU.Build.0 = Debug|Any CPU
		{65972956-E2E8-47F9-9AC3-6904641194F4}.Release|Any CPU.ActiveCfg = Release|Any CPU
		{65972956-E2E8-47F9-9AC3-6904641194F4}.Release|Any CPU.Build.0 = Release|Any CPU
	EndGlobalSection
	GlobalSection(SolutionProperties) = preSolution
		HideSolutionNode = FALSE
	EndGlobalSection
	GlobalSection(ExtensibilityGlobals) = postSolution
		SolutionGuid = {5B963155-2478-457B-9F76-8BC81AF4D809}
	EndGlobalSection
EndGlobal
